
Microsoft Visual Studio Solution File, Format Version 12.00
# Visual Studio Version 17
VisualStudioVersion = 17.9.34714.143
MinimumVisualStudioVersion = 10.0.40219.1
Project("{FAE04EC0-301F-11D3-BF4B-00C04F79EFBC}") = "Practico3Ejercicio3", "Practico3Ejercicio3\Practico3Ejercicio3.csproj", "{5F3804F0-363D-40DD-8D5D-73AD6505B16F}"
EndProject
Global
	GlobalSection(SolutionConfigurationPlatforms) = preSolution
		Debug|Any CPU = Debug|Any CPU
		Release|Any CPU = Release|Any CPU
	EndGlobalSection
	GlobalSection(ProjectConfigurationPlatforms) = postSolution
		{5F3804F0-363D-40DD-8D5D-73AD6505B16F}.Debug|Any CPU.ActiveCfg = Debug|Any CPU
		{5F3804F0-363D-40DD-8D5D-73AD6505B16F}.Debug|Any CPU.Build.0 = Debug|Any CPU
		{5F3804F0-363D-40DD-8D5D-73AD6505B16F}.Release|Any CPU.ActiveCfg = Release|Any CPU
		{5F3804F0-363D-40DD-8D5D-73AD6505B16F}.Release|Any CPU.Build.0 = Release|Any CPU
	EndGlobalSection
	GlobalSection(SolutionProperties) = preSolution
		HideSolutionNode = FALSE
	EndGlobalSection
	GlobalSection(ExtensibilityGlobals) = postSolution
		SolutionGuid = {2D1CB523-02E9-43EA-AB99-DF1072416389}
	EndGlobalSection
EndGlobal
